
Microsoft Visual Studio Solution File, Format Version 12.00
# Visual Studio Version 17
VisualStudioVersion = 17.0.31903.59
MinimumVisualStudioVersion = 10.0.40219.1
Project("{2150E333-8FDC-42A3-9474-1A3956D46DE8}") = "src", "src", "{C7F04EF1-4C2B-454B-9E48-EB038A7E9F52}"
EndProject
Project("{FAE04EC0-301F-11D3-BF4B-00C04F79EFBC}") = "SEZ_AccesDB_Module.Core", "src\SEZ_AccesDB_Module.Core\SEZ_AccesDB_Module.Core.csproj", "{235C7D0F-3BE4-4FC4-BBCC-BF274FE64FAE}"
EndProject
Project("{FAE04EC0-301F-11D3-BF4B-00C04F79EFBC}") = "SEZ_AccesDB_Module.Infrastructure", "src\SEZ_AccesDB_Module.Infrastructure\SEZ_AccesDB_Module.Infrastructure.csproj", "{84CD724B-6E16-4F8C-A3B3-CF1DEC91C53F}"
EndProject
Project("{FAE04EC0-301F-11D3-BF4B-00C04F79EFBC}") = "SEZ_AccesDB_Module.Services", "src\SEZ_AccesDB_Module.Services\SEZ_AccesDB_Module.Services.csproj", "{1D2A5F78-07E8-4F81-9718-D92BD7837106}"
EndProject
Project("{FAE04EC0-301F-11D3-BF4B-00C04F79EFBC}") = "SEZ_AccesDB_Module", "src\SEZ_AccesDB_Module\SEZ_AccesDB_Module.csproj", "{E7455566-8C01-431A-B9E2-31C7B0F4B2FE}"
EndProject
Global
	GlobalSection(SolutionConfigurationPlatforms) = preSolution
		Debug|Any CPU = Debug|Any CPU
		Release|Any CPU = Release|Any CPU
	EndGlobalSection
	GlobalSection(SolutionProperties) = preSolution
		HideSolutionNode = FALSE
	EndGlobalSection
	GlobalSection(ProjectConfigurationPlatforms) = postSolution
		{235C7D0F-3BE4-4FC4-BBCC-BF274FE64FAE}.Debug|Any CPU.ActiveCfg = Debug|Any CPU
		{235C7D0F-3BE4-4FC4-BBCC-BF274FE64FAE}.Debug|Any CPU.Build.0 = Debug|Any CPU
		{235C7D0F-3BE4-4FC4-BBCC-BF274FE64FAE}.Release|Any CPU.ActiveCfg = Release|Any CPU
		{235C7D0F-3BE4-4FC4-BBCC-BF274FE64FAE}.Release|Any CPU.Build.0 = Release|Any CPU
		{84CD724B-6E16-4F8C-A3B3-CF1DEC91C53F}.Debug|Any CPU.ActiveCfg = Debug|Any CPU
		{84CD724B-6E16-4F8C-A3B3-CF1DEC91C53F}.Debug|Any CPU.Build.0 = Debug|Any CPU
		{84CD724B-6E16-4F8C-A3B3-CF1DEC91C53F}.Release|Any CPU.ActiveCfg = Release|Any CPU
		{84CD724B-6E16-4F8C-A3B3-CF1DEC91C53F}.Release|Any CPU.Build.0 = Release|Any CPU
		{1D2A5F78-07E8-4F81-9718-D92BD7837106}.Debug|Any CPU.ActiveCfg = Debug|Any CPU
		{1D2A5F78-07E8-4F81-9718-D92BD7837106}.Debug|Any CPU.Build.0 = Debug|Any CPU
		{1D2A5F78-07E8-4F81-9718-D92BD7837106}.Release|Any CPU.ActiveCfg = Release|Any CPU
		{1D2A5F78-07E8-4F81-9718-D92BD7837106}.Release|Any CPU.Build.0 = Release|Any CPU
		{E7455566-8C01-431A-B9E2-31C7B0F4B2FE}.Debug|Any CPU.ActiveCfg = Debug|Any CPU
		{E7455566-8C01-431A-B9E2-31C7B0F4B2FE}.Debug|Any CPU.Build.0 = Debug|Any CPU
		{E7455566-8C01-431A-B9E2-31C7B0F4B2FE}.Release|Any CPU.ActiveCfg = Release|Any CPU
		{E7455566-8C01-431A-B9E2-31C7B0F4B2FE}.Release|Any CPU.Build.0 = Release|Any CPU
	EndGlobalSection
	GlobalSection(NestedProjects) = preSolution
		{235C7D0F-3BE4-4FC4-BBCC-BF274FE64FAE} = {C7F04EF1-4C2B-454B-9E48-EB038A7E9F52}
		{84CD724B-6E16-4F8C-A3B3-CF1DEC91C53F} = {C7F04EF1-4C2B-454B-9E48-EB038A7E9F52}
		{1D2A5F78-07E8-4F81-9718-D92BD7837106} = {C7F04EF1-4C2B-454B-9E48-EB038A7E9F52}
		{E7455566-8C01-431A-B9E2-31C7B0F4B2FE} = {C7F04EF1-4C2B-454B-9E48-EB038A7E9F52}
	EndGlobalSection
EndGlobal
